
Microsoft Visual Studio Solution File, Format Version 12.00
# Visual Studio Version 17
VisualStudioVersion = 17.9.34723.18
MinimumVisualStudioVersion = 10.0.40219.1
Project("{9A19103F-16F7-4668-BE54-9A1E7A4F7556}") = "Moc", "Moc\Moc.csproj", "{CAD4CD9C-AF28-46DF-8D1A-A94A1AC10527}"
EndProject
Project("{9A19103F-16F7-4668-BE54-9A1E7A4F7556}") = "Repository", "Repository\Repository.csproj", "{436019CD-BF39-443D-9B5B-99C4002E9245}"
EndProject
Project("{9A19103F-16F7-4668-BE54-9A1E7A4F7556}") = "Service", "Service\Service.csproj", "{A1CC7678-7D7B-4ABC-ABD5-D384E592C0F8}"
EndProject
Project("{9A19103F-16F7-4668-BE54-9A1E7A4F7556}") = "Common", "Common\Common.csproj", "{31A7C304-3458-45EE-A68A-C12873D64E59}"
EndProject
Project("{9A19103F-16F7-4668-BE54-9A1E7A4F7556}") = "Controller", "Controller\Controller.csproj", "{B82EE4AF-86EE-42E1-AC7C-139FDD12FA68}"
EndProject
Global
	GlobalSection(SolutionConfigurationPlatforms) = preSolution
		Debug|Any CPU = Debug|Any CPU
		Release|Any CPU = Release|Any CPU
	EndGlobalSection
	GlobalSection(ProjectConfigurationPlatforms) = postSolution
		{CAD4CD9C-AF28-46DF-8D1A-A94A1AC10527}.Debug|Any CPU.ActiveCfg = Debug|Any CPU
		{CAD4CD9C-AF28-46DF-8D1A-A94A1AC10527}.Debug|Any CPU.Build.0 = Debug|Any CPU
		{CAD4CD9C-AF28-46DF-8D1A-A94A1AC10527}.Release|Any CPU.ActiveCfg = Release|Any CPU
		{CAD4CD9C-AF28-46DF-8D1A-A94A1AC10527}.Release|Any CPU.Build.0 = Release|Any CPU
		{436019CD-BF39-443D-9B5B-99C4002E9245}.Debug|Any CPU.ActiveCfg = Debug|Any CPU
		{436019CD-BF39-443D-9B5B-99C4002E9245}.Debug|Any CPU.Build.0 = Debug|Any CPU
		{436019CD-BF39-443D-9B5B-99C4002E9245}.Release|Any CPU.ActiveCfg = Release|Any CPU
		{436019CD-BF39-443D-9B5B-99C4002E9245}.Release|Any CPU.Build.0 = Release|Any CPU
		{A1CC7678-7D7B-4ABC-ABD5-D384E592C0F8}.Debug|Any CPU.ActiveCfg = Debug|Any CPU
		{A1CC7678-7D7B-4ABC-ABD5-D384E592C0F8}.Debug|Any CPU.Build.0 = Debug|Any CPU
		{A1CC7678-7D7B-4ABC-ABD5-D384E592C0F8}.Release|Any CPU.ActiveCfg = Release|Any CPU
		{A1CC7678-7D7B-4ABC-ABD5-D384E592C0F8}.Release|Any CPU.Build.0 = Release|Any CPU
		{31A7C304-3458-45EE-A68A-C12873D64E59}.Debug|Any CPU.ActiveCfg = Debug|Any CPU
		{31A7C304-3458-45EE-A68A-C12873D64E59}.Debug|Any CPU.Build.0 = Debug|Any CPU
		{31A7C304-3458-45EE-A68A-C12873D64E59}.Release|Any CPU.ActiveCfg = Release|Any CPU
		{31A7C304-3458-45EE-A68A-C12873D64E59}.Release|Any CPU.Build.0 = Release|Any CPU
		{B82EE4AF-86EE-42E1-AC7C-139FDD12FA68}.Debug|Any CPU.ActiveCfg = Debug|Any CPU
		{B82EE4AF-86EE-42E1-AC7C-139FDD12FA68}.Debug|Any CPU.Build.0 = Debug|Any CPU
		{B82EE4AF-86EE-42E1-AC7C-139FDD12FA68}.Release|Any CPU.ActiveCfg = Release|Any CPU
		{B82EE4AF-86EE-42E1-AC7C-139FDD12FA68}.Release|Any CPU.Build.0 = Release|Any CPU
	EndGlobalSection
	GlobalSection(SolutionProperties) = preSolution
		HideSolutionNode = FALSE
	EndGlobalSection
	GlobalSection(ExtensibilityGlobals) = postSolution
		SolutionGuid = {D1CE834F-8E08-44FD-9E6C-0541DE44DC0D}
	EndGlobalSection
EndGlobal
